<?xml version="1.0" encoding="utf-8"?>
<Project ToolsVersion="4.0" xmlns="http://schemas.microsoft.com/developer/msbuild/2003">
  <ItemGroup>
    <Filter Include="Include">
      <UniqueIdentifier>{2029ec57-3998-45b3-8a55-c2e89199ba70}</UniqueIdentifier>
    </Filter>
    <Filter Include="Source">
      <UniqueIdentifier>{42ba45d1-4341-4dd3-b084-807c2d1c72a2}</UniqueIdentifier>
    </Filter>
    <Filter Include="Include\Sample">
      <UniqueIdentifier>{9c8d4735-0fb7-48e1-a84e-c57458ef69a3}</UniqueIdentifier>
    </Filter>
    <Filter Include="Source\Sample">
      <UniqueIdentifier>{2cd98613-e168-4838-bcb8-5e556d5f64a0}</UniqueIdentifier>
    </Filter>
    <Filter Include="Include\Core">
      <UniqueIdentifier>{b7eb8e5c-6a4b-4bdc-b773-dc59b57b8dd7}</UniqueIdentifier>
    </Filter>
    <Filter Include="Source\Core">
      <UniqueIdentifier>{994c0967-d47d-4c31-b41c-ae009dcce613}</UniqueIdentifier>
    </Filter>
    <Filter Include="Include\Util">
      <UniqueIdentifier>{2a92008e-14a9-4763-8f98-8ca1958eca1f}</UniqueIdentifier>
    </Filter>
    <Filter Include="Source\Util">
      <UniqueIdentifier>{d71c774a-d034-4bf5-811b-a92298824199}</UniqueIdentifier>
    </Filter>
    <Filter Include="Source\Core\Camera">
      <UniqueIdentifier>{bd2cf356-2f41-4906-bcdb-6356718b56f6}</UniqueIdentifier>
    </Filter>
    <Filter Include="Source\Core\Object">
      <UniqueIdentifier>{9992c1bf-5189-44f8-be97-bec1e06f4ecd}</UniqueIdentifier>
    </Filter>
    <Filter Include="Source\Core\Material">
      <UniqueIdentifier>{45bc717a-b6d9-4e9a-86d4-0474c7358c20}</UniqueIdentifier>
    </Filter>
    <Filter Include="Include\Core\Camera">
      <UniqueIdentifier>{6a1daa9a-c005-4438-8714-b821c672c76c}</UniqueIdentifier>
    </Filter>
    <Filter Include="Include\Core\Material">
      <UniqueIdentifier>{31a240e2-ed36-4640-8d46-fc94cd7b8f00}</UniqueIdentifier>
    </Filter>
    <Filter Include="Include\Core\Object">
      <UniqueIdentifier>{471c8b81-c819-4a5b-8b31-2a5031e21c67}</UniqueIdentifier>
    </Filter>
  </ItemGroup>
  <ItemGroup>
    <ClCompile Include="Source\main.cpp">
      <Filter>Source</Filter>
    </ClCompile>
    <ClCompile Include="..\ThirdParty\Win64\glad\src\glad.c">
      <Filter>Source</Filter>
    </ClCompile>
    <ClCompile Include="Source\Application.cpp">
      <Filter>Source</Filter>
    </ClCompile>
    <ClCompile Include="Source\Sample\GPUDriven.cpp">
      <Filter>Source\Sample</Filter>
    </ClCompile>
    <ClCompile Include="Source\Sample\Sample.cpp">
      <Filter>Source\Sample</Filter>
    </ClCompile>
    <ClCompile Include="Source\Sample\Triangle.cpp">
      <Filter>Source\Sample</Filter>
    </ClCompile>
    <ClCompile Include="Source\Core\Shader.cpp">
      <Filter>Source\Core</Filter>
    </ClCompile>
    <ClCompile Include="Source\Util\StringUtil.cpp">
      <Filter>Source\Util</Filter>
    </ClCompile>
    <ClCompile Include="Source\Sample\TextureSample.cpp">
      <Filter>Source\Sample</Filter>
    </ClCompile>
    <ClCompile Include="Source\Core\Geometry.cpp">
      <Filter>Source\Core</Filter>
    </ClCompile>
    <ClCompile Include="Source\Core\Material\Material.cpp">
      <Filter>Source\Core\Material</Filter>
    </ClCompile>
    <ClCompile Include="Source\Core\Material\PBRMaterial.cpp">
      <Filter>Source\Core\Material</Filter>
    </ClCompile>
    <ClCompile Include="Source\Core\Camera\Camera.cpp">
      <Filter>Source\Core\Camera</Filter>
    </ClCompile>
    <ClCompile Include="Source\Core\Camera\PerspectiveCamera.cpp">
      <Filter>Source\Core\Camera</Filter>
    </ClCompile>
    <ClCompile Include="Source\Core\Object\Mesh.cpp">
      <Filter>Source\Core\Object</Filter>
    </ClCompile>
    <ClCompile Include="Source\Core\Object\Node.cpp">
      <Filter>Source\Core\Object</Filter>
    </ClCompile>
    <ClCompile Include="Source\Sample\CameraSample.cpp">
      <Filter>Source\Sample</Filter>
    </ClCompile>
    <ClCompile Include="Source\stbi_image.cpp">
      <Filter>Source</Filter>
    </ClCompile>
  </ItemGroup>
  <ItemGroup>
    <ClInclude Include="Include\Application.h">
      <Filter>Include</Filter>
    </ClInclude>
    <ClInclude Include="Include\Sample\GPUDriven.h">
      <Filter>Include\Sample</Filter>
    </ClInclude>
    <ClInclude Include="Include\Sample\Sample.h">
      <Filter>Include\Sample</Filter>
    </ClInclude>
    <ClInclude Include="Include\Sample\Triangle.h">
      <Filter>Include\Sample</Filter>
    </ClInclude>
    <ClInclude Include="Include\Core\Shader.h">
      <Filter>Include\Core</Filter>
    </ClInclude>
    <ClInclude Include="Include\Util\StringUtil.h">
      <Filter>Include\Util</Filter>
    </ClInclude>
    <ClInclude Include="Include\Sample\TextureSample.h">
      <Filter>Include\Sample</Filter>
    </ClInclude>
    <ClInclude Include="Include\Env.h">
      <Filter>Include</Filter>
    </ClInclude>
    <ClInclude Include="Include\Util\Util.h">
      <Filter>Include\Util</Filter>
    </ClInclude>
    <ClInclude Include="Include\Core\Geometry.h">
      <Filter>Include\Core</Filter>
    </ClInclude>
    <ClInclude Include="Include\Core\Object\Mesh.h">
      <Filter>Include\Core\Object</Filter>
    </ClInclude>
    <ClInclude Include="Include\Core\Object\Node.h">
      <Filter>Include\Core\Object</Filter>
    </ClInclude>
    <ClInclude Include="Include\Core\Material\Material.h">
      <Filter>Include\Core\Material</Filter>
    </ClInclude>
    <ClInclude Include="Include\Core\Material\PBRMaterial.h">
      <Filter>Include\Core\Material</Filter>
    </ClInclude>
    <ClInclude Include="Include\Core\Camera\Camera.h">
      <Filter>Include\Core\Camera</Filter>
    </ClInclude>
    <ClInclude Include="Include\Core\Camera\PerspectiveCamera.h">
      <Filter>Include\Core\Camera</Filter>
    </ClInclude>
    <ClInclude Include="Include\Sample\CameraSample.h">
      <Filter>Include\Sample</Filter>
    </ClInclude>
  </ItemGroup>
</Project>